
Microsoft Visual Studio Solution File, Format Version 12.00
# Visual Studio Version 17
VisualStudioVersion = 17.1.32328.378
MinimumVisualStudioVersion = 10.0.40219.1
Project("{9A19103F-16F7-4668-BE54-9A1E7A4F7556}") = "Desafio.ME.Dominio", "Desafio.ME.Dominio\Desafio.ME.Dominio.csproj", "{C1D7213B-0C6C-498B-80AA-F4D5D8A371B9}"
EndProject
Project("{9A19103F-16F7-4668-BE54-9A1E7A4F7556}") = "Desafio.ME.API", "Desafio.ME.API\Desafio.ME.API.csproj", "{7A7811F8-49D0-4356-B9AA-6FE502928B29}"
EndProject
Project("{2150E333-8FDC-42A3-9474-1A3956D46DE8}") = "Testes", "Testes", "{8A02ED2B-1371-4261-A377-AEA18A5B664B}"
EndProject
Project("{9A19103F-16F7-4668-BE54-9A1E7A4F7556}") = "Desafio.ME.Dominio.Testes", "Desafio.ME.Dominio.Testes\Desafio.ME.Dominio.Testes.csproj", "{1B6FF4E8-8F4A-4075-9229-D74035C228AF}"
EndProject
Project("{9A19103F-16F7-4668-BE54-9A1E7A4F7556}") = "Desafio.ME.Handlers", "Desafio.ME.Handlers\Desafio.ME.Handlers.csproj", "{B2E424BF-032B-4C76-A213-C0024B018501}"
EndProject
Project("{9A19103F-16F7-4668-BE54-9A1E7A4F7556}") = "Desafio.ME.Database", "Desafio.ME.Database\Desafio.ME.Database.csproj", "{93DB5112-F71E-4BCD-A962-F4B463488654}"
EndProject
Project("{9A19103F-16F7-4668-BE54-9A1E7A4F7556}") = "Desafio.ME.DTOs", "Desafio.ME.DTOs\Desafio.ME.DTOs.csproj", "{79936145-7C5B-44B4-88EB-946F7B3B14DF}"
EndProject
Project("{2150E333-8FDC-42A3-9474-1A3956D46DE8}") = "Docker", "Docker", "{2E8D97BE-E55B-4F0F-A155-9F0B89F3ADF8}"
	ProjectSection(SolutionItems) = preProject
		Desafio.ME.API.Dockerfile = Desafio.ME.API.Dockerfile
		docker-compose.yml = docker-compose.yml
	EndProjectSection
EndProject
Project("{FAE04EC0-301F-11D3-BF4B-00C04F79EFBC}") = "Desafio.ME.Handlers.Testes", "Desafio.ME.Handlers.Testes\Desafio.ME.Handlers.Testes.csproj", "{30753669-B191-44A9-ADA0-47B5CC62C9C4}"
EndProject
Global
	GlobalSection(SolutionConfigurationPlatforms) = preSolution
		Debug|Any CPU = Debug|Any CPU
		Release|Any CPU = Release|Any CPU
	EndGlobalSection
	GlobalSection(ProjectConfigurationPlatforms) = postSolution
		{C1D7213B-0C6C-498B-80AA-F4D5D8A371B9}.Debug|Any CPU.ActiveCfg = Debug|Any CPU
		{C1D7213B-0C6C-498B-80AA-F4D5D8A371B9}.Debug|Any CPU.Build.0 = Debug|Any CPU
		{C1D7213B-0C6C-498B-80AA-F4D5D8A371B9}.Release|Any CPU.ActiveCfg = Release|Any CPU
		{C1D7213B-0C6C-498B-80AA-F4D5D8A371B9}.Release|Any CPU.Build.0 = Release|Any CPU
		{7A7811F8-49D0-4356-B9AA-6FE502928B29}.Debug|Any CPU.ActiveCfg = Debug|Any CPU
		{7A7811F8-49D0-4356-B9AA-6FE502928B29}.Debug|Any CPU.Build.0 = Debug|Any CPU
		{7A7811F8-49D0-4356-B9AA-6FE502928B29}.Release|Any CPU.ActiveCfg = Release|Any CPU
		{7A7811F8-49D0-4356-B9AA-6FE502928B29}.Release|Any CPU.Build.0 = Release|Any CPU
		{1B6FF4E8-8F4A-4075-9229-D74035C228AF}.Debug|Any CPU.ActiveCfg = Debug|Any CPU
		{1B6FF4E8-8F4A-4075-9229-D74035C228AF}.Debug|Any CPU.Build.0 = Debug|Any CPU
		{1B6FF4E8-8F4A-4075-9229-D74035C228AF}.Release|Any CPU.ActiveCfg = Release|Any CPU
		{1B6FF4E8-8F4A-4075-9229-D74035C228AF}.Release|Any CPU.Build.0 = Release|Any CPU
		{B2E424BF-032B-4C76-A213-C0024B018501}.Debug|Any CPU.ActiveCfg = Debug|Any CPU
		{B2E424BF-032B-4C76-A213-C0024B018501}.Debug|Any CPU.Build.0 = Debug|Any CPU
		{B2E424BF-032B-4C76-A213-C0024B018501}.Release|Any CPU.ActiveCfg = Release|Any CPU
		{B2E424BF-032B-4C76-A213-C0024B018501}.Release|Any CPU.Build.0 = Release|Any CPU
		{93DB5112-F71E-4BCD-A962-F4B463488654}.Debug|Any CPU.ActiveCfg = Debug|Any CPU
		{93DB5112-F71E-4BCD-A962-F4B463488654}.Debug|Any CPU.Build.0 = Debug|Any CPU
		{93DB5112-F71E-4BCD-A962-F4B463488654}.Release|Any CPU.ActiveCfg = Release|Any CPU
		{93DB5112-F71E-4BCD-A962-F4B463488654}.Release|Any CPU.Build.0 = Release|Any CPU
		{79936145-7C5B-44B4-88EB-946F7B3B14DF}.Debug|Any CPU.ActiveCfg = Debug|Any CPU
		{79936145-7C5B-44B4-88EB-946F7B3B14DF}.Debug|Any CPU.Build.0 = Debug|Any CPU
		{79936145-7C5B-44B4-88EB-946F7B3B14DF}.Release|Any CPU.ActiveCfg = Release|Any CPU
		{79936145-7C5B-44B4-88EB-946F7B3B14DF}.Release|Any CPU.Build.0 = Release|Any CPU
		{30753669-B191-44A9-ADA0-47B5CC62C9C4}.Debug|Any CPU.ActiveCfg = Debug|Any CPU
		{30753669-B191-44A9-ADA0-47B5CC62C9C4}.Debug|Any CPU.Build.0 = Debug|Any CPU
		{30753669-B191-44A9-ADA0-47B5CC62C9C4}.Release|Any CPU.ActiveCfg = Release|Any CPU
		{30753669-B191-44A9-ADA0-47B5CC62C9C4}.Release|Any CPU.Build.0 = Release|Any CPU
	EndGlobalSection
	GlobalSection(SolutionProperties) = preSolution
		HideSolutionNode = FALSE
	EndGlobalSection
	GlobalSection(NestedProjects) = preSolution
		{1B6FF4E8-8F4A-4075-9229-D74035C228AF} = {8A02ED2B-1371-4261-A377-AEA18A5B664B}
		{30753669-B191-44A9-ADA0-47B5CC62C9C4} = {8A02ED2B-1371-4261-A377-AEA18A5B664B}
	EndGlobalSection
	GlobalSection(ExtensibilityGlobals) = postSolution
		SolutionGuid = {F866BC7F-128B-4699-9DA2-088E01663D52}
	EndGlobalSection
EndGlobal
